
Microsoft Visual Studio Solution File, Format Version 12.00
# Visual Studio 14
VisualStudioVersion = 14.0.25420.1
MinimumVisualStudioVersion = 10.0.40219.1
Project("{8BC9CEB8-8B4A-11D0-8D11-00A0C91BC942}") = "HTTPURL", "HTTPURL\HTTPURL.vcxproj", "{5A806654-DFD9-4A5C-BA15-58548C5E30BD}"
EndProject
Project("{8BC9CEB8-8B4A-11D0-8D11-00A0C91BC942}") = "HTTPURLTests", "HTTPURLTests\HTTPURLTests.vcxproj", "{6AB49A3B-0CC4-4307-873D-97DC30E3FEE3}"
EndProject
Global
	GlobalSection(SolutionConfigurationPlatforms) = preSolution
		Debug|x64 = Debug|x64
		Debug|x86 = Debug|x86
		Release|x64 = Release|x64
		Release|x86 = Release|x86
	EndGlobalSection
	GlobalSection(ProjectConfigurationPlatforms) = postSolution
		{5A806654-DFD9-4A5C-BA15-58548C5E30BD}.Debug|x64.ActiveCfg = Debug|x64
		{5A806654-DFD9-4A5C-BA15-58548C5E30BD}.Debug|x64.Build.0 = Debug|x64
		{5A806654-DFD9-4A5C-BA15-58548C5E30BD}.Debug|x86.ActiveCfg = Debug|Win32
		{5A806654-DFD9-4A5C-BA15-58548C5E30BD}.Debug|x86.Build.0 = Debug|Win32
		{5A806654-DFD9-4A5C-BA15-58548C5E30BD}.Release|x64.ActiveCfg = Release|x64
		{5A806654-DFD9-4A5C-BA15-58548C5E30BD}.Release|x64.Build.0 = Release|x64
		{5A806654-DFD9-4A5C-BA15-58548C5E30BD}.Release|x86.ActiveCfg = Release|Win32
		{5A806654-DFD9-4A5C-BA15-58548C5E30BD}.Release|x86.Build.0 = Release|Win32
		{6AB49A3B-0CC4-4307-873D-97DC30E3FEE3}.Debug|x64.ActiveCfg = Debug|x64
		{6AB49A3B-0CC4-4307-873D-97DC30E3FEE3}.Debug|x64.Build.0 = Debug|x64
		{6AB49A3B-0CC4-4307-873D-97DC30E3FEE3}.Debug|x86.ActiveCfg = Debug|Win32
		{6AB49A3B-0CC4-4307-873D-97DC30E3FEE3}.Debug|x86.Build.0 = Debug|Win32
		{6AB49A3B-0CC4-4307-873D-97DC30E3FEE3}.Release|x64.ActiveCfg = Release|x64
		{6AB49A3B-0CC4-4307-873D-97DC30E3FEE3}.Release|x64.Build.0 = Release|x64
		{6AB49A3B-0CC4-4307-873D-97DC30E3FEE3}.Release|x86.ActiveCfg = Release|Win32
		{6AB49A3B-0CC4-4307-873D-97DC30E3FEE3}.Release|x86.Build.0 = Release|Win32
	EndGlobalSection
	GlobalSection(SolutionProperties) = preSolution
		HideSolutionNode = FALSE
	EndGlobalSection
EndGlobal
